
Microsoft Visual Studio Solution File, Format Version 12.00
# Visual Studio Version 16
VisualStudioVersion = 16.0.29409.12
MinimumVisualStudioVersion = 10.0.40219.1
Project("{FAE04EC0-301F-11D3-BF4B-00C04F79EFBC}") = "Ordenamiento", "Ordenamiento\Ordenamiento.csproj", "{CF3DB047-44E7-4CA4-8C6B-70374E1E0448}"
EndProject
Global
	GlobalSection(SolutionConfigurationPlatforms) = preSolution
		Debug|Any CPU = Debug|Any CPU
		Release|Any CPU = Release|Any CPU
	EndGlobalSection
	GlobalSection(ProjectConfigurationPlatforms) = postSolution
		{CF3DB047-44E7-4CA4-8C6B-70374E1E0448}.Debug|Any CPU.ActiveCfg = Debug|Any CPU
		{CF3DB047-44E7-4CA4-8C6B-70374E1E0448}.Debug|Any CPU.Build.0 = Debug|Any CPU
		{CF3DB047-44E7-4CA4-8C6B-70374E1E0448}.Release|Any CPU.ActiveCfg = Release|Any CPU
		{CF3DB047-44E7-4CA4-8C6B-70374E1E0448}.Release|Any CPU.Build.0 = Release|Any CPU
	EndGlobalSection
	GlobalSection(SolutionProperties) = preSolution
		HideSolutionNode = FALSE
	EndGlobalSection
	GlobalSection(ExtensibilityGlobals) = postSolution
		SolutionGuid = {B00416B4-9EFF-496E-9F55-452AFF6DDA52}
	EndGlobalSection
EndGlobal
